PODS:
  - KZFileWatchers (1.0.3)
  - Nimble (6.1.0)
  - Quick (1.1.0)
  - Sourcery (0.6.0)
  - Sparkle (1.17.0)
  - SwiftGen (4.2.1)
  - SwiftLint (0.19.0)

DEPENDENCIES:
  - KZFileWatchers (~> 1.0)
  - Nimble (~> 6.0)
  - Quick (~> 1.0)
  - Sourcery (~> 0.5)
  - Sparkle (~> 1.17)
  - SwiftGen (~> 4.2)
  - SwiftLint (~> 0.16)

SPEC CHECKSUMS:
  KZFileWatchers: f09964686a0713834020a0eb328725cad58da0ea
  Nimble: c53e6903fee94041b90ded74f135820437d8bf59
  Quick: dafc587e21eed9f4cab3249b9f9015b0b7a7f71d
  Sourcery: b3a93fcdf9c256feeb16e85f4d1bbf46baa42464
  Sparkle: ccfb47699feea7b40b51cf3176f69404e5b1da6c
  SwiftGen: 2ba2a88fc6130b96e38e2baa0029e4bd222ffd85
  SwiftLint: 3537a05b34060e78e7510f04fb7537d738247803

PODFILE CHECKSUM: 034b6075c300cb474339b98158a1dd8b42b6b3c6

COCOAPODS: 1.2.1
